// !$*UTF8*$!
{
	archiveVersion = 1;
	classes = {
	};
	objectVersion = 50;
	objects = {

/* Begin PBXBuildFile section */
		F240D40020F2DDBF000384F7 /* ParticleRandomizer.f90 in Sources */ = {isa = PBXBuildFile; fileRef = F240D3FF20F2DDBF000384F7 /* ParticleRandomizer.f90 */; };
		F240D40D20F319BA000384F7 /* ConvertToVTK.f90 in Sources */ = {isa = PBXBuildFile; fileRef = F240D40C20F319BA000384F7 /* ConvertToVTK.f90 */; };
/* End PBXBuildFile section */

/* Begin PBXBuildRule section */
		F240D3FE20F2DD7B000384F7 /* PBXBuildRule */ = {
			isa = PBXBuildRule;
			compilerSpec = com.intel.compilers.ifort.18_0_0;
			fileType = sourcecode.fortran;
			inputFiles = (
			);
			isEditable = 1;
			outputFiles = (
			);
			script = "";
		};
/* End PBXBuildRule section */

/* Begin PBXCopyFilesBuildPhase section */
		F240D3F220F2DD72000384F7 /* CopyFiles */ = {
			isa = PBXCopyFilesBuildPhase;
			buildActionMask = 2147483647;
			dstPath = /usr/share/man/man1/;
			dstSubfolderSpec = 0;
			files = (
			);
			runOnlyForDeploymentPostprocessing = 1;
		};
		F240D40320F2DFE4000384F7 /* CopyFiles */ = {
			isa = PBXCopyFilesBuildPhase;
			buildActionMask = 2147483647;
			dstPath = /usr/share/man/man1/;
			dstSubfolderSpec = 0;
			files = (
			);
			runOnlyForDeploymentPostprocessing = 1;
		};
/* End PBXCopyFilesBuildPhase section */

/* Begin PBXFileReference section */
		F240D3F420F2DD72000384F7 /* BaseLineCode */ = {isa = PBXFileReference; explicitFileType = "compiled.mach-o.executable"; includeInIndex = 0; path = BaseLineCode; sourceTree = BUILT_PRODUCTS_DIR; };
		F240D3FF20F2DDBF000384F7 /* ParticleRandomizer.f90 */ = {isa = PBXFileReference; lastKnownFileType = sourcecode.fortran.f90; path = ParticleRandomizer.f90; sourceTree = "<group>"; };
		F240D40520F2DFE4000384F7 /* bbb */ = {isa = PBXFileReference; explicitFileType = "compiled.mach-o.executable"; includeInIndex = 0; path = bbb; sourceTree = BUILT_PRODUCTS_DIR; };
		F240D40C20F319BA000384F7 /* ConvertToVTK.f90 */ = {isa = PBXFileReference; lastKnownFileType = sourcecode.fortran.f90; path = ConvertToVTK.f90; sourceTree = "<group>"; };
		F24DAC47212172C200D3BA49 /* Tester.f90 */ = {isa = PBXFileReference; lastKnownFileType = sourcecode.fortran.f90; name = Tester.f90; path = BaseLineCode/Tester.f90; sourceTree = "<group>"; };
/* End PBXFileReference section */

/* Begin PBXFrameworksBuildPhase section */
		F240D3F120F2DD72000384F7 /* Frameworks */ = {
			isa = PBXFrameworksBuildPhase;
			buildActionMask = 2147483647;
			files = (
			);
			runOnlyForDeploymentPostprocessing = 0;
		};
		F240D40220F2DFE4000384F7 /* Frameworks */ = {
			isa = PBXFrameworksBuildPhase;
			buildActionMask = 2147483647;
			files = (
			);
			runOnlyForDeploymentPostprocessing = 0;
		};
/* End PBXFrameworksBuildPhase section */

/* Begin PBXGroup section */
		F240D3EB20F2DD72000384F7 = {
			isa = PBXGroup;
			children = (
				F24DAC47212172C200D3BA49 /* Tester.f90 */,
				F240D3F620F2DD72000384F7 /* BaseLineCode */,
				F240D3F520F2DD72000384F7 /* Products */,
			);
			sourceTree = "<group>";
		};
		F240D3F520F2DD72000384F7 /* Products */ = {
			isa = PBXGroup;
			children = (
				F240D3F420F2DD72000384F7 /* BaseLineCode */,
				F240D40520F2DFE4000384F7 /* bbb */,
			);
			name = Products;
			sourceTree = "<group>";
		};
		F240D3F620F2DD72000384F7 /* BaseLineCode */ = {
			isa = PBXGroup;
			children = (
				F240D40C20F319BA000384F7 /* ConvertToVTK.f90 */,
				F240D3FF20F2DDBF000384F7 /* ParticleRandomizer.f90 */,
			);
			path = BaseLineCode;
			sourceTree = "<group>";
		};
/* End PBXGroup section */

/* Begin PBXNativeTarget section */
		F240D3F320F2DD72000384F7 /* BaseLineCode */ = {
			isa = PBXNativeTarget;
			buildConfigurationList = F240D3FB20F2DD72000384F7 /* Build configuration list for PBXNativeTarget "BaseLineCode" */;
			buildPhases = (
				F240D3F020F2DD72000384F7 /* Sources */,
				F240D3F120F2DD72000384F7 /* Frameworks */,
				F240D3F220F2DD72000384F7 /* CopyFiles */,
			);
			buildRules = (
				F240D3FE20F2DD7B000384F7 /* PBXBuildRule */,
			);
			dependencies = (
			);
			name = BaseLineCode;
			productName = BaseLineCode;
			productReference = F240D3F420F2DD72000384F7 /* BaseLineCode */;
			productType = "com.apple.product-type.tool";
		};
		F240D40420F2DFE4000384F7 /* bbb */ = {
			isa = PBXNativeTarget;
			buildConfigurationList = F240D40920F2DFE4000384F7 /* Build configuration list for PBXNativeTarget "bbb" */;
			buildPhases = (
				F240D40120F2DFE4000384F7 /* Sources */,
				F240D40220F2DFE4000384F7 /* Frameworks */,
				F240D40320F2DFE4000384F7 /* CopyFiles */,
			);
			buildRules = (
			);
			dependencies = (
			);
			name = bbb;
			productName = bbb;
			productReference = F240D40520F2DFE4000384F7 /* bbb */;
			productType = "com.apple.product-type.tool";
		};
/* End PBXNativeTarget section */

/* Begin PBXProject section */
		F240D3EC20F2DD72000384F7 /* Project object */ = {
			isa = PBXProject;
			attributes = {
				KnownAssetTags = (
					New,
				);
				LastUpgradeCheck = 0930;
				ORGANIZATIONNAME = RogerIsied;
				TargetAttributes = {
					F240D3F320F2DD72000384F7 = {
						CreatedOnToolsVersion = 9.3;
					};
					F240D40420F2DFE4000384F7 = {
						CreatedOnToolsVersion = 9.3;
					};
				};
			};
			buildConfigurationList = F240D3EF20F2DD72000384F7 /* Build configuration list for PBXProject "BaseLineCode" */;
			compatibilityVersion = "Xcode 9.3";
			developmentRegion = en;
			hasScannedForEncodings = 0;
			knownRegions = (
				en,
			);
			mainGroup = F240D3EB20F2DD72000384F7;
			productRefGroup = F240D3F520F2DD72000384F7 /* Products */;
			projectDirPath = "";
			projectRoot = "";
			targets = (
				F240D3F320F2DD72000384F7 /* BaseLineCode */,
				F240D40420F2DFE4000384F7 /* bbb */,
			);
		};
/* End PBXProject section */

/* Begin PBXSourcesBuildPhase section */
		F240D3F020F2DD72000384F7 /* Sources */ = {
			isa = PBXSourcesBuildPhase;
			buildActionMask = 2147483647;
			files = (
				F240D40D20F319BA000384F7 /* ConvertToVTK.f90 in Sources */,
				F240D40020F2DDBF000384F7 /* ParticleRandomizer.f90 in Sources */,
			);
			runOnlyForDeploymentPostprocessing = 0;
		};
		F240D40120F2DFE4000384F7 /* Sources */ = {
			isa = PBXSourcesBuildPhase;
			buildActionMask = 2147483647;
			files = (
			);
			runOnlyForDeploymentPostprocessing = 0;
		};
/* End PBXSourcesBuildPhase section */

/* Begin XCBuildConfiguration section */
		F240D3F920F2DD72000384F7 /* Debug */ = {
			isa = XCBuildConfiguration;
			buildSettings = {
				ALWAYS_SEARCH_USER_PATHS = NO;
				CLANG_ANALYZER_NONNULL = YES;
				CLANG_ANALYZER_NUMBER_OBJECT_CONVERSION = YES_AGGRESSIVE;
				CLANG_CXX_LANGUAGE_STANDARD = "gnu++14";
				CLANG_CXX_LIBRARY = "libc++";
				CLANG_ENABLE_MODULES = YES;
				CLANG_ENABLE_OBJC_ARC = YES;
				CLANG_ENABLE_OBJC_WEAK = YES;
				CLANG_WARN_BLOCK_CAPTURE_AUTORELEASING = YES;
				CLANG_WARN_BOOL_CONVERSION = YES;
				CLANG_WARN_COMMA = YES;
				CLANG_WARN_CONSTANT_CONVERSION = YES;
				CLANG_WARN_DEPRECATED_OBJC_IMPLEMENTATIONS = YES;
				CLANG_WARN_DIRECT_OBJC_ISA_USAGE = YES_ERROR;
				CLANG_WARN_DOCUMENTATION_COMMENTS = YES;
				CLANG_WARN_EMPTY_BODY = YES;
				CLANG_WARN_ENUM_CONVERSION = YES;
				CLANG_WARN_INFINITE_RECURSION = YES;
				CLANG_WARN_INT_CONVERSION = YES;
				CLANG_WARN_NON_LITERAL_NULL_CONVERSION = YES;
				CLANG_WARN_OBJC_IMPLICIT_RETAIN_SELF = YES;
				CLANG_WARN_OBJC_LITERAL_CONVERSION = YES;
				CLANG_WARN_OBJC_ROOT_CLASS = YES_ERROR;
				CLANG_WARN_RANGE_LOOP_ANALYSIS = YES;
				CLANG_WARN_STRICT_PROTOTYPES = YES;
				CLANG_WARN_SUSPICIOUS_MOVE = YES;
				CLANG_WARN_UNGUARDED_AVAILABILITY = YES_AGGRESSIVE;
				CLANG_WARN_UNREACHABLE_CODE = YES;
				CLANG_WARN__DUPLICATE_METHOD_MATCH = YES;
				CODE_SIGN_IDENTITY = "-";
				COPY_PHASE_STRIP = NO;
				DEBUG_INFORMATION_FORMAT = dwarf;
				ENABLE_STRICT_OBJC_MSGSEND = YES;
				ENABLE_TESTABILITY = YES;
				GCC_C_LANGUAGE_STANDARD = gnu11;
				GCC_DYNAMIC_NO_PIC = NO;
				GCC_NO_COMMON_BLOCKS = YES;
				GCC_OPTIMIZATION_LEVEL = 0;
				GCC_PREPROCESSOR_DEFINITIONS = (
					"DEBUG=1",
					"$(inherited)",
				);
				GCC_WARN_64_TO_32_BIT_CONVERSION = YES;
				GCC_WARN_ABOUT_RETURN_TYPE = YES_ERROR;
				GCC_WARN_UNDECLARED_SELECTOR = YES;
				GCC_WARN_UNINITIALIZED_AUTOS = YES_AGGRESSIVE;
				GCC_WARN_UNUSED_FUNCTION = YES;
				GCC_WARN_UNUSED_VARIABLE = YES;
				MACOSX_DEPLOYMENT_TARGET = 10.13;
				MTL_ENABLE_DEBUG_INFO = YES;
				ONLY_ACTIVE_ARCH = NO;
				SDKROOT = macosx;
			};
			name = Debug;
		};
		F240D3FA20F2DD72000384F7 /* Release */ = {
			isa = XCBuildConfiguration;
			buildSettings = {
				ALWAYS_SEARCH_USER_PATHS = NO;
				CLANG_ANALYZER_NONNULL = YES;
				CLANG_ANALYZER_NUMBER_OBJECT_CONVERSION = YES_AGGRESSIVE;
				CLANG_CXX_LANGUAGE_STANDARD = "gnu++14";
				CLANG_CXX_LIBRARY = "libc++";
				CLANG_ENABLE_MODULES = YES;
				CLANG_ENABLE_OBJC_ARC = YES;
				CLANG_ENABLE_OBJC_WEAK = YES;
				CLANG_WARN_BLOCK_CAPTURE_AUTORELEASING = YES;
				CLANG_WARN_BOOL_CONVERSION = YES;
				CLANG_WARN_COMMA = YES;
				CLANG_WARN_CONSTANT_CONVERSION = YES;
				CLANG_WARN_DEPRECATED_OBJC_IMPLEMENTATIONS = YES;
				CLANG_WARN_DIRECT_OBJC_ISA_USAGE = YES_ERROR;
				CLANG_WARN_DOCUMENTATION_COMMENTS = YES;
				CLANG_WARN_EMPTY_BODY = YES;
				CLANG_WARN_ENUM_CONVERSION = YES;
				CLANG_WARN_INFINITE_RECURSION = YES;
				CLANG_WARN_INT_CONVERSION = YES;
				CLANG_WARN_NON_LITERAL_NULL_CONVERSION = YES;
				CLANG_WARN_OBJC_IMPLICIT_RETAIN_SELF = YES;
				CLANG_WARN_OBJC_LITERAL_CONVERSION = YES;
				CLANG_WARN_OBJC_ROOT_CLASS = YES_ERROR;
				CLANG_WARN_RANGE_LOOP_ANALYSIS = YES;
				CLANG_WARN_STRICT_PROTOTYPES = YES;
				CLANG_WARN_SUSPICIOUS_MOVE = YES;
				CLANG_WARN_UNGUARDED_AVAILABILITY = YES_AGGRESSIVE;
				CLANG_WARN_UNREACHABLE_CODE = YES;
				CLANG_WARN__DUPLICATE_METHOD_MATCH = YES;
				CODE_SIGN_IDENTITY = "-";
				COPY_PHASE_STRIP = NO;
				DEBUG_INFORMATION_FORMAT = "dwarf-with-dsym";
				ENABLE_NS_ASSERTIONS = NO;
				ENABLE_STRICT_OBJC_MSGSEND = YES;
				GCC_C_LANGUAGE_STANDARD = gnu11;
				GCC_NO_COMMON_BLOCKS = YES;
				GCC_WARN_64_TO_32_BIT_CONVERSION = YES;
				GCC_WARN_ABOUT_RETURN_TYPE = YES_ERROR;
				GCC_WARN_UNDECLARED_SELECTOR = YES;
				GCC_WARN_UNINITIALIZED_AUTOS = YES_AGGRESSIVE;
				GCC_WARN_UNUSED_FUNCTION = YES;
				GCC_WARN_UNUSED_VARIABLE = YES;
				MACOSX_DEPLOYMENT_TARGET = 10.13;
				MTL_ENABLE_DEBUG_INFO = NO;
				SDKROOT = macosx;
			};
			name = Release;
		};
		F240D3FC20F2DD72000384F7 /* Debug */ = {
			isa = XCBuildConfiguration;
			buildSettings = {
				ALWAYS_SEARCH_USER_PATHS = YES;
				CODE_SIGN_STYLE = Automatic;
				GCC_VERSION = "";
				HEADER_SEARCH_PATHS = /opt/intel/compilers_and_libraries_2018.3.185/mac/mkl/include;
				IFORT_MKL = threaded;
				IFORT_RT_LIBRARY = dynamic;
				LD_RUNPATH_SEARCH_PATHS = (
					/opt/intel/compilers_and_libraries_2018.3.185/mac/mkl/lib,
					/opt/intel/compilers_and_libraries_2018.3.185/mac/compiler/lib,
				);
				LIBRARY_SEARCH_PATHS = /opt/intel/compilers_and_libraries_2018.3.185/mac/mkl/lib;
				OTHER_LDFLAGS = (
					"-ldl",
					"-lm",
					"-lpthread",
					"-lmkl_intel_thread",
					"-lmkl_core",
					"-lmkl_intel_lp64",
				);
				PRODUCT_NAME = "$(TARGET_NAME)";
			};
			name = Debug;
		};
		F240D3FD20F2DD72000384F7 /* Release */ = {
			isa = XCBuildConfiguration;
			buildSettings = {
				ALWAYS_SEARCH_USER_PATHS = YES;
				CODE_SIGN_STYLE = Automatic;
				GCC_VERSION = "";
				HEADER_SEARCH_PATHS = /opt/intel/compilers_and_libraries_2018.3.185/mac/mkl/include;
				IFORT_MKL = threaded;
				IFORT_RT_LIBRARY = dynamic;
				LD_RUNPATH_SEARCH_PATHS = (
					/opt/intel/compilers_and_libraries_2018.3.185/mac/mkl/lib,
					/opt/intel/compilers_and_libraries_2018.3.185/mac/compiler/lib,
				);
				LIBRARY_SEARCH_PATHS = /opt/intel/compilers_and_libraries_2018.3.185/mac/mkl/lib;
				OTHER_LDFLAGS = (
					"-ldl",
					"-lm",
					"-lpthread",
					"-lmkl_intel_thread",
					"-lmkl_core",
					"-lmkl_intel_lp64",
				);
				PRODUCT_NAME = "$(TARGET_NAME)";
			};
			name = Release;
		};
		F240D40A20F2DFE4000384F7 /* Debug */ = {
			isa = XCBuildConfiguration;
			buildSettings = {
				CODE_SIGN_STYLE = Automatic;
				PRODUCT_NAME = "$(TARGET_NAME)";
			};
			name = Debug;
		};
		F240D40B20F2DFE4000384F7 /* Release */ = {
			isa = XCBuildConfiguration;
			buildSettings = {
				CODE_SIGN_STYLE = Automatic;
				PRODUCT_NAME = "$(TARGET_NAME)";
			};
			name = Release;
		};
/* End XCBuildConfiguration section */

/* Begin XCConfigurationList section */
		F240D3EF20F2DD72000384F7 /* Build configuration list for PBXProject "BaseLineCode" */ = {
			isa = XCConfigurationList;
			buildConfigurations = (
				F240D3F920F2DD72000384F7 /* Debug */,
				F240D3FA20F2DD72000384F7 /* Release */,
			);
			defaultConfigurationIsVisible = 0;
			defaultConfigurationName = Release;
		};
		F240D3FB20F2DD72000384F7 /* Build configuration list for PBXNativeTarget "BaseLineCode" */ = {
			isa = XCConfigurationList;
			buildConfigurations = (
				F240D3FC20F2DD72000384F7 /* Debug */,
				F240D3FD20F2DD72000384F7 /* Release */,
			);
			defaultConfigurationIsVisible = 0;
			defaultConfigurationName = Release;
		};
		F240D40920F2DFE4000384F7 /* Build configuration list for PBXNativeTarget "bbb" */ = {
			isa = XCConfigurationList;
			buildConfigurations = (
				F240D40A20F2DFE4000384F7 /* Debug */,
				F240D40B20F2DFE4000384F7 /* Release */,
			);
			defaultConfigurationIsVisible = 0;
			defaultConfigurationName = Release;
		};
/* End XCConfigurationList section */
	};
	rootObject = F240D3EC20F2DD72000384F7 /* Project object */;
}
